
Microsoft Visual Studio Solution File, Format Version 12.00
# Visual Studio Version 17
VisualStudioVersion = 17.14.36804.6 d17.14
MinimumVisualStudioVersion = 10.0.40219.1
Project("{FAE04EC0-301F-11D3-BF4B-00C04F79EFBC}") = "PasswordGenerator", "PasswordGenerator\PasswordGenerator.csproj", "{66A6EB3C-056F-4267-85CE-0E1D2C092F78}"
EndProject
Global
	GlobalSection(SolutionConfigurationPlatforms) = preSolution
		Debug|Any CPU = Debug|Any CPU
		Release|Any CPU = Release|Any CPU
	EndGlobalSection
	GlobalSection(ProjectConfigurationPlatforms) = postSolution
		{66A6EB3C-056F-4267-85CE-0E1D2C092F78}.Debug|Any CPU.ActiveCfg = Debug|Any CPU
		{66A6EB3C-056F-4267-85CE-0E1D2C092F78}.Debug|Any CPU.Build.0 = Debug|Any CPU
		{66A6EB3C-056F-4267-85CE-0E1D2C092F78}.Release|Any CPU.ActiveCfg = Release|Any CPU
		{66A6EB3C-056F-4267-85CE-0E1D2C092F78}.Release|Any CPU.Build.0 = Release|Any CPU
	EndGlobalSection
	GlobalSection(SolutionProperties) = preSolution
		HideSolutionNode = FALSE
	EndGlobalSection
	GlobalSection(ExtensibilityGlobals) = postSolution
		SolutionGuid = {2AF34960-21C1-431E-A148-81D90963AD4D}
	EndGlobalSection
EndGlobal
